
Microsoft Visual Studio Solution File, Format Version 12.00
# Visual Studio Version 17
VisualStudioVersion = 17.14.36408.4
MinimumVisualStudioVersion = 10.0.40219.1
Project("{FAE04EC0-301F-11D3-BF4B-00C04F79EFBC}") = "CarInsurance.Api", "CarInsurance.Api.csproj", "{D448F1CB-6F0E-736C-EEF1-3AC5923400B1}"
EndProject
Project("{2150E333-8FDC-42A3-9474-1A3956D46DE8}") = "Tests", "Tests", "{57804BDD-EFB2-4BB4-9003-D0CE6DFB47CD}"
EndProject
Project("{2150E333-8FDC-42A3-9474-1A3956D46DE8}") = "Integration Tests", "Integration Tests", "{B5A9C07F-6B50-41E9-8639-B88E4E7BC82C}"
EndProject
Project("{2150E333-8FDC-42A3-9474-1A3956D46DE8}") = "Unit Tests", "Unit Tests", "{B543044F-04BE-4506-AF32-CA485F0E8B94}"
EndProject
Project("{FAE04EC0-301F-11D3-BF4B-00C04F79EFBC}") = "CatInsurance.Application.UnitTests", "..\CatInsurance.Application.UnitTests\CatInsurance.Application.UnitTests.csproj", "{969E0B30-AD22-4CBB-A5E1-357585A39CB3}"
EndProject
Project("{FAE04EC0-301F-11D3-BF4B-00C04F79EFBC}") = "CarInsurance.IntgrationTests", "..\CarInsurance.IntgrationTests\CarInsurance.IntgrationTests.csproj", "{CE0A360F-1C58-4073-AFE7-36EB3D0BFE25}"
EndProject
Global
	GlobalSection(SolutionConfigurationPlatforms) = preSolution
		Debug|Any CPU = Debug|Any CPU
		Release|Any CPU = Release|Any CPU
	EndGlobalSection
	GlobalSection(ProjectConfigurationPlatforms) = postSolution
		{D448F1CB-6F0E-736C-EEF1-3AC5923400B1}.Debug|Any CPU.ActiveCfg = Debug|Any CPU
		{D448F1CB-6F0E-736C-EEF1-3AC5923400B1}.Debug|Any CPU.Build.0 = Debug|Any CPU
		{D448F1CB-6F0E-736C-EEF1-3AC5923400B1}.Release|Any CPU.ActiveCfg = Release|Any CPU
		{D448F1CB-6F0E-736C-EEF1-3AC5923400B1}.Release|Any CPU.Build.0 = Release|Any CPU
		{969E0B30-AD22-4CBB-A5E1-357585A39CB3}.Debug|Any CPU.ActiveCfg = Debug|Any CPU
		{969E0B30-AD22-4CBB-A5E1-357585A39CB3}.Debug|Any CPU.Build.0 = Debug|Any CPU
		{969E0B30-AD22-4CBB-A5E1-357585A39CB3}.Release|Any CPU.ActiveCfg = Release|Any CPU
		{969E0B30-AD22-4CBB-A5E1-357585A39CB3}.Release|Any CPU.Build.0 = Release|Any CPU
		{CE0A360F-1C58-4073-AFE7-36EB3D0BFE25}.Debug|Any CPU.ActiveCfg = Debug|Any CPU
		{CE0A360F-1C58-4073-AFE7-36EB3D0BFE25}.Debug|Any CPU.Build.0 = Debug|Any CPU
		{CE0A360F-1C58-4073-AFE7-36EB3D0BFE25}.Release|Any CPU.ActiveCfg = Release|Any CPU
		{CE0A360F-1C58-4073-AFE7-36EB3D0BFE25}.Release|Any CPU.Build.0 = Release|Any CPU
	EndGlobalSection
	GlobalSection(SolutionProperties) = preSolution
		HideSolutionNode = FALSE
	EndGlobalSection
	GlobalSection(NestedProjects) = preSolution
		{B5A9C07F-6B50-41E9-8639-B88E4E7BC82C} = {57804BDD-EFB2-4BB4-9003-D0CE6DFB47CD}
		{B543044F-04BE-4506-AF32-CA485F0E8B94} = {57804BDD-EFB2-4BB4-9003-D0CE6DFB47CD}
		{969E0B30-AD22-4CBB-A5E1-357585A39CB3} = {B543044F-04BE-4506-AF32-CA485F0E8B94}
		{CE0A360F-1C58-4073-AFE7-36EB3D0BFE25} = {B5A9C07F-6B50-41E9-8639-B88E4E7BC82C}
	EndGlobalSection
	GlobalSection(ExtensibilityGlobals) = postSolution
		SolutionGuid = {8276DCD3-745F-4521-88E1-9CB39EC2E2DE}
	EndGlobalSection
EndGlobal
